GEM
  remote: https://rubygems.org/
  specs:
    minitest (5.26.1)
    thor (1.5.0)

PLATFORMS
  arm64-darwin-23
  ruby

DEPENDENCIES
  minitest (= 5.26.1)
  thor (= 1.5.0)

CHECKSUMS
  minitest (5.26.1) sha256=f16a63d4278e230bba342c3bda3006a69c5216d46461b77dd57f7c7c529b5a96
  thor (1.5.0) sha256=e3a9e55fe857e44859ce104a84675ab6e8cd59c650a49106a05f55f136425e73

BUNDLED WITH
  4.0.16
